{
  "name": "test-definitions",
  "version": "1.0.0",
  "lockfileVersion": 1,
  "requires": true,
  "dependencies": {
    "@types/big.js": {
      "version": "4.0.5",
      "resolved": "https://registry.npmjs.org/@types/big.js/-/big.js-4.0.5.tgz",
      "integrity": "sha512-D9KFrAt05FDSqLo7PU9TDHfDgkarlwdkuwFsg7Zm4xl62tTNaz+zN+Tkcdx2wGLBbSMf8BnoMhOVeUGUaJfLKg=="
    },
    "@types/dat.gui": {
      "version": "0.7.2",
      "resolved": "https://registry.npmjs.org/@types/dat.gui/-/dat.gui-0.7.2.tgz",
      "integrity": "sha512-ULAH7opLNk6jRq1/3pqYCeyVRS2hvbenzGNkWLS/ITjf+kaAZR09KBKvTG7y22sW/XQbalBSNTlTHU+cSMJJqg=="
    },
    "@types/jquery": {
      "version": "3.3.29",
      "resolved": "https://registry.npmjs.org/@types/jquery/-/jquery-3.3.29.tgz",
      "integrity": "sha512-FhJvBninYD36v3k6c+bVk1DSZwh7B5Dpb/Pyk3HKVsiohn0nhbefZZ+3JXbWQhFyt0MxSl2jRDdGQPHeOHFXrQ==",
      "requires": {
        "@types/sizzle": "*"
      }
    },
    "@types/node": {
      "version": "11.11.3",
      "resolved": "https://registry.npmjs.org/@types/node/-/node-11.11.3.tgz",
      "integrity": "sha512-wp6IOGu1lxsfnrD+5mX6qwSwWuqsdkKKxTN4aQc4wByHAKZJf9/D4KXPQ1POUjEbnCP5LMggB0OEFNY9OTsMqg=="
    },
    "@types/pixi.js": {
      "version": "4.8.6",
      "resolved": "https://registry.npmjs.org/@types/pixi.js/-/pixi.js-4.8.6.tgz",
      "integrity": "sha512-70PcmzoHG723nMLx7OzMM7xoH8EnJfVVQmh1WQgXGaXdU9ygq3VlsXLRt/g6Z124abKDvmzg3hfRpA8CvBp2eA=="
    },
    "@types/sizzle": {
      "version": "2.3.2",
      "resolved": "https://registry.npmjs.org/@types/sizzle/-/sizzle-2.3.2.tgz",
      "integrity": "sha512-7EJYyKTL7tFR8+gDbB6Wwz/arpGa0Mywk1TJbNzKzHtzbwVmY4HR9WqS5VV7dsBUKQmPNr192jHr/VpBluj/hg=="
    },
    "@types/three": {
      "version": "0.93.27",
      "resolved": "https://registry.npmjs.org/@types/three/-/three-0.93.27.tgz",
      "integrity": "sha512-HncnT9RhhB9zflW3t/hUzaqWPL1vIXuyXaEhoMLJAHisfm8Xl6TscJPHR8U0XlUM1HcUnRxOpla9AJCLgK93lA=="
    }
  }
}
