{
  "name": "playcanvas-example",
  "version": "1.0.0",
  "lockfileVersion": 3,
  "requires": true,
  "packages": {
    "": {
      "name": "playcanvas-example",
      "version": "1.0.0",
      "hasInstallScript": true,
      "license": "ISC",
      "dependencies": {
        "playcanvas": "1.27.0"
      },
      "devDependencies": {
        "dts2hx": "file:../../"
      }
    },
    "../..": {
      "version": "0.33.0",
      "dev": true,
      "license": "ISC",
      "dependencies": {
        "typescript": "5.9.3"
      },
      "bin": {
        "dts2hx": "cli.js"
      },
      "devDependencies": {
        "@types/node": "20.19.37"
      }
    },
    "node_modules/dts2hx": {
      "resolved": "../..",
      "link": true
    },
    "node_modules/playcanvas": {
      "version": "1.27.0",
      "resolved": "https://registry.npmjs.org/playcanvas/-/playcanvas-1.27.0.tgz",
      "integrity": "sha512-SeQMQ/ftafXYcirrC1gY0Ay087radQMxWSTnA4b3n/bvNB21y9T1AH2k1Pe+d75/el6C4wRdp61UKrgCXmDRLg==",
      "license": "MIT",
      "engines": {
        "node": ">= 0.6.12"
      }
    }
  }
}
