{
  "name": "phaser-example",
  "version": "1.0.0",
  "lockfileVersion": 3,
  "requires": true,
  "packages": {
    "": {
      "name": "phaser-example",
      "version": "1.0.0",
      "hasInstallScript": true,
      "license": "ISC",
      "dependencies": {
        "phaser": "4.0.0-rc.7"
      },
      "devDependencies": {
        "dts2hx": "file:../../"
      }
    },
    "../..": {
      "version": "0.33.0",
      "dev": true,
      "license": "ISC",
      "dependencies": {
        "typescript": "5.9.3"
      },
      "bin": {
        "dts2hx": "cli.js"
      },
      "devDependencies": {
        "@types/node": "20.19.37"
      }
    },
    "node_modules/dts2hx": {
      "resolved": "../..",
      "link": true
    },
    "node_modules/eventemitter3": {
      "version": "5.0.4",
      "resolved": "https://registry.npmjs.org/eventemitter3/-/eventemitter3-5.0.4.tgz",
      "integrity": "sha512-mlsTRyGaPBjPedk6Bvw+aqbsXDtoAyAzm5MO7JgU+yVRyMQ5O8bD4Kcci7BS85f93veegeCPkL8R4GLClnjLFw==",
      "license": "MIT"
    },
    "node_modules/phaser": {
      "version": "4.0.0-rc.7",
      "resolved": "https://registry.npmjs.org/phaser/-/phaser-4.0.0-rc.7.tgz",
      "integrity": "sha512-4ResXEPHK4+jBdrYdq6HtfSSmX6bvTIw3js6Y9p4nniYog4Y0CZxmZ+xabCNCFDE9vBj2D/mxexJ4TPObJ5WCg==",
      "license": "MIT",
      "dependencies": {
        "eventemitter3": "^5.0.1"
      }
    }
  }
}
