{
  "name": "three-example",
  "version": "1.0.0",
  "lockfileVersion": 1,
  "requires": true,
  "dependencies": {
    "dts2hx": {
      "version": "0.3.0",
      "resolved": "https://registry.npmjs.org/dts2hx/-/dts2hx-0.3.0.tgz",
      "integrity": "sha512-WWd4+N6FkyDylf4u5wHNmKZlONc+iQTc/07IATfleC/i026S0DyGXa5nYMtKSRg/D74mWWpE16fFJK/KRyjfaw==",
      "dev": true,
      "requires": {
        "typescript": "3.7.4"
      }
    },
    "esbuild": {
      "version": "0.1.18",
      "resolved": "https://registry.npmjs.org/esbuild/-/esbuild-0.1.18.tgz",
      "integrity": "sha512-NPFmm0Sp4KcgwsBIITO2Sxqvycfwad6oo0rTdX0fUq04wJhr5SushajVUWdT9E3QceVkyGlSEunskdJmrmDgAg=="
    },
    "three": {
      "version": "0.116.0",
      "resolved": "https://registry.npmjs.org/three/-/three-0.116.0.tgz",
      "integrity": "sha512-6KTGp6mfs0hGgY+2/UtAfxa1w4vNxNSPp6Sdu7DjnCzQZwWX6Q1hL5awyM3zPWDaPEsuRRNt2jIZPp/kwsPgjg=="
    },
    "typescript": {
      "version": "3.7.4",
      "resolved": "https://registry.npmjs.org/typescript/-/typescript-3.7.4.tgz",
      "integrity": "sha512-A25xv5XCtarLwXpcDNZzCGvW2D1S3/bACratYBx2sax8PefsFhlYmkQicKHvpYflFS8if4zne5zT5kpJ7pzuvw==",
      "dev": true
    }
  }
}
