{
  "name": "babylonjs-example",
  "version": "1.0.0",
  "lockfileVersion": 3,
  "requires": true,
  "packages": {
    "": {
      "name": "babylonjs-example",
      "version": "1.0.0",
      "hasInstallScript": true,
      "license": "ISC",
      "dependencies": {
        "babylonjs": "4.1.0"
      },
      "devDependencies": {
        "dts2hx": "file:../../"
      }
    },
    "../..": {
      "version": "0.33.0",
      "dev": true,
      "license": "ISC",
      "dependencies": {
        "typescript": "5.9.3"
      },
      "bin": {
        "dts2hx": "cli.js"
      },
      "devDependencies": {
        "@types/node": "20.19.37"
      }
    },
    "node_modules/babylonjs": {
      "version": "4.1.0",
      "resolved": "https://registry.npmjs.org/babylonjs/-/babylonjs-4.1.0.tgz",
      "integrity": "sha512-MnaH1BQIL+PYgqGaAvGVdP8yd7nM1j6sbQi/K/6+RlkHPxIETW2NbjqxiW7Sywgy7r3PwqWT/gxG4Bz95Z6/yA==",
      "license": "Apache-2.0",
      "engines": {
        "node": "*"
      }
    },
    "node_modules/dts2hx": {
      "resolved": "../..",
      "link": true
    }
  }
}
